
Microsoft Visual Studio Solution File, Format Version 12.00
# Visual Studio 2013
VisualStudioVersion = 12.0.21005.1
MinimumVisualStudioVersion = 10.0.40219.1
Project("{FAE04EC0-301F-11D3-BF4B-00C04F79EFBC}") = "WinForms", "Winforms\WinForms.csproj", "{935426A8-2F13-449E-A808-A3BD07AA3570}"
EndProject
Project("{FAE04EC0-301F-11D3-BF4B-00C04F79EFBC}") = "WinFormsProgress", "WinFormsProgress\WinFormsProgress.csproj", "{991B322D-C0EC-47A6-B67A-665C873C7B19}"
EndProject
Project("{FAE04EC0-301F-11D3-BF4B-00C04F79EFBC}") = "WPF", "WPF\WPF.csproj", "{D4321517-F941-4B1C-A9F7-9F63F5B86EE8}"
EndProject
Global
	GlobalSection(SolutionConfigurationPlatforms) = preSolution
		Debug|Any CPU = Debug|Any CPU
		Debug|x86 = Debug|x86
		Release|Any CPU = Release|Any CPU
		Release|x86 = Release|x86
	EndGlobalSection
	GlobalSection(ProjectConfigurationPlatforms) = postSolution
		{935426A8-2F13-449E-A808-A3BD07AA3570}.Debug|Any CPU.ActiveCfg = Debug|Any CPU
		{935426A8-2F13-449E-A808-A3BD07AA3570}.Debug|Any CPU.Build.0 = Debug|Any CPU
		{935426A8-2F13-449E-A808-A3BD07AA3570}.Debug|x86.ActiveCfg = Debug|Any CPU
		{935426A8-2F13-449E-A808-A3BD07AA3570}.Release|Any CPU.ActiveCfg = Release|Any CPU
		{935426A8-2F13-449E-A808-A3BD07AA3570}.Release|Any CPU.Build.0 = Release|Any CPU
		{935426A8-2F13-449E-A808-A3BD07AA3570}.Release|x86.ActiveCfg = Release|Any CPU
		{991B322D-C0EC-47A6-B67A-665C873C7B19}.Debug|Any CPU.ActiveCfg = Debug|Any CPU
		{991B322D-C0EC-47A6-B67A-665C873C7B19}.Debug|Any CPU.Build.0 = Debug|Any CPU
		{991B322D-C0EC-47A6-B67A-665C873C7B19}.Debug|x86.ActiveCfg = Debug|x86
		{991B322D-C0EC-47A6-B67A-665C873C7B19}.Debug|x86.Build.0 = Debug|x86
		{991B322D-C0EC-47A6-B67A-665C873C7B19}.Release|Any CPU.ActiveCfg = Release|Any CPU
		{991B322D-C0EC-47A6-B67A-665C873C7B19}.Release|Any CPU.Build.0 = Release|Any CPU
		{991B322D-C0EC-47A6-B67A-665C873C7B19}.Release|x86.ActiveCfg = Release|x86
		{991B322D-C0EC-47A6-B67A-665C873C7B19}.Release|x86.Build.0 = Release|x86
		{D4321517-F941-4B1C-A9F7-9F63F5B86EE8}.Debug|Any CPU.ActiveCfg = Debug|Any CPU
		{D4321517-F941-4B1C-A9F7-9F63F5B86EE8}.Debug|Any CPU.Build.0 = Debug|Any CPU
		{D4321517-F941-4B1C-A9F7-9F63F5B86EE8}.Debug|x86.ActiveCfg = Debug|Any CPU
		{D4321517-F941-4B1C-A9F7-9F63F5B86EE8}.Release|Any CPU.ActiveCfg = Release|Any CPU
		{D4321517-F941-4B1C-A9F7-9F63F5B86EE8}.Release|Any CPU.Build.0 = Release|Any CPU
		{D4321517-F941-4B1C-A9F7-9F63F5B86EE8}.Release|x86.ActiveCfg = Release|Any CPU
	EndGlobalSection
	GlobalSection(SolutionProperties) = preSolution
		HideSolutionNode = FALSE
	EndGlobalSection
EndGlobal
